// !$*UTF8*$!
{
	archiveVersion = 1;
	classes = {
	};
	objectVersion = 56;
	objects = {

/* Begin PBXBuildFile section */
		039EB4F52A25640900F4DE83 /* AppDelegate.swift in Sources */ = {isa = PBXBuildFile; fileRef = 039EB4F42A25640900F4DE83 /* AppDelegate.swift */; };
		039EB4F72A25640900F4DE83 /* SceneDelegate.swift in Sources */ = {isa = PBXBuildFile; fileRef = 039EB4F62A25640900F4DE83 /* SceneDelegate.swift */; };
		039EB4FC2A25640900F4DE83 /* Main.storyboard in Resources */ = {isa = PBXBuildFile; fileRef = 039EB4FA2A25640900F4DE83 /* Main.storyboard */; };
		039EB4FE2A25640A00F4DE83 /* Assets.xcassets in Resources */ = {isa = PBXBuildFile; fileRef = 039EB4FD2A25640A00F4DE83 /* Assets.xcassets */; };
		039EB5012A25640A00F4DE83 /* LaunchScreen.storyboard in Resources */ = {isa = PBXBuildFile; fileRef = 039EB4FF2A25640A00F4DE83 /* LaunchScreen.storyboard */; };
		039EB5092A25649600F4DE83 /* HyliaSerifBeta-Regular.otf in Resources */ = {isa = PBXBuildFile; fileRef = 039EB5082A25649600F4DE83 /* HyliaSerifBeta-Regular.otf */; };
		039EB50D2A2564E900F4DE83 /* QuestionsViewController.swift in Sources */ = {isa = PBXBuildFile; fileRef = 039EB50C2A2564E900F4DE83 /* QuestionsViewController.swift */; };
		039EB50F2A2564F700F4DE83 /* ResultsViewController.swift in Sources */ = {isa = PBXBuildFile; fileRef = 039EB50E2A2564F700F4DE83 /* ResultsViewController.swift */; };
		039EB5112A25650200F4DE83 /* QuestionData.swift in Sources */ = {isa = PBXBuildFile; fileRef = 039EB5102A25650200F4DE83 /* QuestionData.swift */; };
		039EB5132A256D1E00F4DE83 /* BotW_Link Background Removed.png in Resources */ = {isa = PBXBuildFile; fileRef = 039EB5122A256D1E00F4DE83 /* BotW_Link Background Removed.png */; };
		039EB5152A256DD700F4DE83 /* BotW_Guardian_Artwork Background Removed.png in Resources */ = {isa = PBXBuildFile; fileRef = 039EB5142A256DD700F4DE83 /* BotW_Guardian_Artwork Background Removed.png */; };
		71DF1C182A27774900DC7329 /* BOTWBackground.png in Resources */ = {isa = PBXBuildFile; fileRef = 71DF1C172A27774900DC7329 /* BOTWBackground.png */; };
/* End PBXBuildFile section */

/* Begin PBXFileReference section */
		039EB4F12A25640900F4DE83 /* FinalProjectBOTWQuiz.app */ = {isa = PBXFileReference; explicitFileType = wrapper.application; includeInIndex = 0; path = FinalProjectBOTWQuiz.app; sourceTree = BUILT_PRODUCTS_DIR; };
		039EB4F42A25640900F4DE83 /* AppDelegate.swift */ = {isa = PBXFileReference; lastKnownFileType = sourcecode.swift; path = AppDelegate.swift; sourceTree = "<group>"; };
		039EB4F62A25640900F4DE83 /* SceneDelegate.swift */ = {isa = PBXFileReference; lastKnownFileType = sourcecode.swift; path = SceneDelegate.swift; sourceTree = "<group>"; };
		039EB4FB2A25640900F4DE83 /* Base */ = {isa = PBXFileReference; lastKnownFileType = file.storyboard; name = Base; path = Base.lproj/Main.storyboard; sourceTree = "<group>"; };
		039EB4FD2A25640A00F4DE83 /* Assets.xcassets */ = {isa = PBXFileReference; lastKnownFileType = folder.assetcatalog; path = Assets.xcassets; sourceTree = "<group>"; };
		039EB5002A25640A00F4DE83 /* Base */ = {isa = PBXFileReference; lastKnownFileType = file.storyboard; name = Base; path = Base.lproj/LaunchScreen.storyboard; sourceTree = "<group>"; };
		039EB5022A25640A00F4DE83 /* Info.plist */ = {isa = PBXFileReference; lastKnownFileType = text.plist.xml; path = Info.plist; sourceTree = "<group>"; };
		039EB5082A25649600F4DE83 /* HyliaSerifBeta-Regular.otf */ = {isa = PBXFileReference; lastKnownFileType = file; name = "HyliaSerifBeta-Regular.otf"; path = "../../../../Downloads/Hylia Serif Beta v0-009/HyliaSerifBeta-Regular.otf"; sourceTree = "<group>"; };
		039EB50C2A2564E900F4DE83 /* QuestionsViewController.swift */ = {isa = PBXFileReference; lastKnownFileType = sourcecode.swift; path = QuestionsViewController.swift; sourceTree = "<group>"; };
		039EB50E2A2564F700F4DE83 /* ResultsViewController.swift */ = {isa = PBXFileReference; lastKnownFileType = sourcecode.swift; path = ResultsViewController.swift; sourceTree = "<group>"; };
		039EB5102A25650200F4DE83 /* QuestionData.swift */ = {isa = PBXFileReference; lastKnownFileType = sourcecode.swift; path = QuestionData.swift; sourceTree = "<group>"; };
		039EB5122A256D1E00F4DE83 /* BotW_Link Background Removed.png */ = {isa = PBXFileReference; lastKnownFileType = image.png; name = "BotW_Link Background Removed.png"; path = "../../../../Downloads/BotW_Link Background Removed.png"; sourceTree = "<group>"; };
		039EB5142A256DD700F4DE83 /* BotW_Guardian_Artwork Background Removed.png */ = {isa = PBXFileReference; lastKnownFileType = image.png; name = "BotW_Guardian_Artwork Background Removed.png"; path = "../../../../Downloads/BotW_Guardian_Artwork Background Removed.png"; sourceTree = "<group>"; };
		71DF1C172A27774900DC7329 /* BOTWBackground.png */ = {isa = PBXFileReference; lastKnownFileType = image.png; path = BOTWBackground.png; sourceTree = "<group>"; };
/* End PBXFileReference section */

/* Begin PBXFrameworksBuildPhase section */
		039EB4EE2A25640900F4DE83 /* Frameworks */ = {
			isa = PBXFrameworksBuildPhase;
			buildActionMask = 2147483647;
			files = (
			);
			runOnlyForDeploymentPostprocessing = 0;
		};
/* End PBXFrameworksBuildPhase section */

/* Begin PBXGroup section */
		039EB4E82A25640900F4DE83 = {
			isa = PBXGroup;
			children = (
				039EB4F32A25640900F4DE83 /* FinalProjectBOTWQuiz */,
				039EB4F22A25640900F4DE83 /* Products */,
			);
			sourceTree = "<group>";
		};
		039EB4F22A25640900F4DE83 /* Products */ = {
			isa = PBXGroup;
			children = (
				039EB4F12A25640900F4DE83 /* FinalProjectBOTWQuiz.app */,
			);
			name = Products;
			sourceTree = "<group>";
		};
		039EB4F32A25640900F4DE83 /* FinalProjectBOTWQuiz */ = {
			isa = PBXGroup;
			children = (
				039EB4F42A25640900F4DE83 /* AppDelegate.swift */,
				039EB4F62A25640900F4DE83 /* SceneDelegate.swift */,
				039EB5102A25650200F4DE83 /* QuestionData.swift */,
				039EB50C2A2564E900F4DE83 /* QuestionsViewController.swift */,
				039EB50E2A2564F700F4DE83 /* ResultsViewController.swift */,
				039EB4FA2A25640900F4DE83 /* Main.storyboard */,
				039EB4FD2A25640A00F4DE83 /* Assets.xcassets */,
				039EB4FF2A25640A00F4DE83 /* LaunchScreen.storyboard */,
				039EB5022A25640A00F4DE83 /* Info.plist */,
				039EB5082A25649600F4DE83 /* HyliaSerifBeta-Regular.otf */,
				039EB5122A256D1E00F4DE83 /* BotW_Link Background Removed.png */,
				039EB5142A256DD700F4DE83 /* BotW_Guardian_Artwork Background Removed.png */,
				71DF1C172A27774900DC7329 /* BOTWBackground.png */,
			);
			path = FinalProjectBOTWQuiz;
			sourceTree = "<group>";
		};
/* End PBXGroup section */

/* Begin PBXNativeTarget section */
		039EB4F02A25640900F4DE83 /* FinalProjectBOTWQuiz */ = {
			isa = PBXNativeTarget;
			buildConfigurationList = 039EB5052A25640A00F4DE83 /* Build configuration list for PBXNativeTarget "FinalProjectBOTWQuiz" */;
			buildPhases = (
				039EB4ED2A25640900F4DE83 /* Sources */,
				039EB4EE2A25640900F4DE83 /* Frameworks */,
				039EB4EF2A25640900F4DE83 /* Resources */,
			);
			buildRules = (
			);
			dependencies = (
			);
			name = FinalProjectBOTWQuiz;
			productName = FinalProjectBOTWQuiz;
			productReference = 039EB4F12A25640900F4DE83 /* FinalProjectBOTWQuiz.app */;
			productType = "com.apple.product-type.application";
		};
/* End PBXNativeTarget section */

/* Begin PBXProject section */
		039EB4E92A25640900F4DE83 /* Project object */ = {
			isa = PBXProject;
			attributes = {
				BuildIndependentTargetsInParallel = 1;
				LastSwiftUpdateCheck = 1420;
				LastUpgradeCheck = 1420;
				TargetAttributes = {
					039EB4F02A25640900F4DE83 = {
						CreatedOnToolsVersion = 14.2;
					};
				};
			};
			buildConfigurationList = 039EB4EC2A25640900F4DE83 /* Build configuration list for PBXProject "FinalProjectBOTWQuiz" */;
			compatibilityVersion = "Xcode 14.0";
			developmentRegion = en;
			hasScannedForEncodings = 0;
			knownRegions = (
				en,
				Base,
			);
			mainGroup = 039EB4E82A25640900F4DE83;
			productRefGroup = 039EB4F22A25640900F4DE83 /* Products */;
			projectDirPath = "";
			projectRoot = "";
			targets = (
				039EB4F02A25640900F4DE83 /* FinalProjectBOTWQuiz */,
			);
		};
/* End PBXProject section */

/* Begin PBXResourcesBuildPhase section */
		039EB4EF2A25640900F4DE83 /* Resources */ = {
			isa = PBXResourcesBuildPhase;
			buildActionMask = 2147483647;
			files = (
				039EB5152A256DD700F4DE83 /* BotW_Guardian_Artwork Background Removed.png in Resources */,
				71DF1C182A27774900DC7329 /* BOTWBackground.png in Resources */,
				039EB5132A256D1E00F4DE83 /* BotW_Link Background Removed.png in Resources */,
				039EB5092A25649600F4DE83 /* HyliaSerifBeta-Regular.otf in Resources */,
				039EB5012A25640A00F4DE83 /* LaunchScreen.storyboard in Resources */,
				039EB4FE2A25640A00F4DE83 /* Assets.xcassets in Resources */,
				039EB4FC2A25640900F4DE83 /* Main.storyboard in Resources */,
			);
			runOnlyForDeploymentPostprocessing = 0;
		};
/* End PBXResourcesBuildPhase section */

/* Begin PBXSourcesBuildPhase section */
		039EB4ED2A25640900F4DE83 /* Sources */ = {
			isa = PBXSourcesBuildPhase;
			buildActionMask = 2147483647;
			files = (
				039EB4F52A25640900F4DE83 /* AppDelegate.swift in Sources */,
				039EB50D2A2564E900F4DE83 /* QuestionsViewController.swift in Sources */,
				039EB5112A25650200F4DE83 /* QuestionData.swift in Sources */,
				039EB50F2A2564F700F4DE83 /* ResultsViewController.swift in Sources */,
				039EB4F72A25640900F4DE83 /* SceneDelegate.swift in Sources */,
			);
			runOnlyForDeploymentPostprocessing = 0;
		};
/* End PBXSourcesBuildPhase section */

/* Begin PBXVariantGroup section */
		039EB4FA2A25640900F4DE83 /* Main.storyboard */ = {
			isa = PBXVariantGroup;
			children = (
				039EB4FB2A25640900F4DE83 /* Base */,
			);
			name = Main.storyboard;
			sourceTree = "<group>";
		};
		039EB4FF2A25640A00F4DE83 /* LaunchScreen.storyboard */ = {
			isa = PBXVariantGroup;
			children = (
				039EB5002A25640A00F4DE83 /* Base */,
			);
			name = LaunchScreen.storyboard;
			sourceTree = "<group>";
		};
/* End PBXVariantGroup section */

/* Begin XCBuildConfiguration section */
		039EB5032A25640A00F4DE83 /* Debug */ = {
			isa = XCBuildConfiguration;
			buildSettings = {
				ALWAYS_SEARCH_USER_PATHS = NO;
				CLANG_ANALYZER_NONNULL = YES;
				CLANG_ANALYZER_NUMBER_OBJECT_CONVERSION = YES_AGGRESSIVE;
				CLANG_CXX_LANGUAGE_STANDARD = "gnu++20";
				CLANG_ENABLE_MODULES = YES;
				CLANG_ENABLE_OBJC_ARC = YES;
				CLANG_ENABLE_OBJC_WEAK = YES;
				CLANG_WARN_BLOCK_CAPTURE_AUTORELEASING = YES;
				CLANG_WARN_BOOL_CONVERSION = YES;
				CLANG_WARN_COMMA = YES;
				CLANG_WARN_CONSTANT_CONVERSION = YES;
				CLANG_WARN_DEPRECATED_OBJC_IMPLEMENTATIONS = YES;
				CLANG_WARN_DIRECT_OBJC_ISA_USAGE = YES_ERROR;
				CLANG_WARN_DOCUMENTATION_COMMENTS = YES;
				CLANG_WARN_EMPTY_BODY = YES;
				CLANG_WARN_ENUM_CONVERSION = YES;
				CLANG_WARN_INFINITE_RECURSION = YES;
				CLANG_WARN_INT_CONVERSION = YES;
				CLANG_WARN_NON_LITERAL_NULL_CONVERSION = YES;
				CLANG_WARN_OBJC_IMPLICIT_RETAIN_SELF = YES;
				CLANG_WARN_OBJC_LITERAL_CONVERSION = YES;
				CLANG_WARN_OBJC_ROOT_CLASS = YES_ERROR;
				CLANG_WARN_QUOTED_INCLUDE_IN_FRAMEWORK_HEADER = YES;
				CLANG_WARN_RANGE_LOOP_ANALYSIS = YES;
				CLANG_WARN_STRICT_PROTOTYPES = YES;
				CLANG_WARN_SUSPICIOUS_MOVE = YES;
				CLANG_WARN_UNGUARDED_AVAILABILITY = YES_AGGRESSIVE;
				CLANG_WARN_UNREACHABLE_CODE = YES;
				CLANG_WARN__DUPLICATE_METHOD_MATCH = YES;
				COPY_PHASE_STRIP = NO;
				DEBUG_INFORMATION_FORMAT = dwarf;
				ENABLE_STRICT_OBJC_MSGSEND = YES;
				ENABLE_TESTABILITY = YES;
				GCC_C_LANGUAGE_STANDARD = gnu11;
				GCC_DYNAMIC_NO_PIC = NO;
				GCC_NO_COMMON_BLOCKS = YES;
				GCC_OPTIMIZATION_LEVEL = 0;
				GCC_PREPROCESSOR_DEFINITIONS = (
					"DEBUG=1",
					"$(inherited)",
				);
				GCC_WARN_64_TO_32_BIT_CONVERSION = YES;
				GCC_WARN_ABOUT_RETURN_TYPE = YES_ERROR;
				GCC_WARN_UNDECLARED_SELECTOR = YES;
				GCC_WARN_UNINITIALIZED_AUTOS = YES_AGGRESSIVE;
				GCC_WARN_UNUSED_FUNCTION = YES;
				GCC_WARN_UNUSED_VARIABLE = YES;
				IPHONEOS_DEPLOYMENT_TARGET = 16.2;
				MTL_ENABLE_DEBUG_INFO = INCLUDE_SOURCE;
				MTL_FAST_MATH = YES;
				ONLY_ACTIVE_ARCH = YES;
				SDKROOT = iphoneos;
				SWIFT_ACTIVE_COMPILATION_CONDITIONS = DEBUG;
				SWIFT_OPTIMIZATION_LEVEL = "-Onone";
			};
			name = Debug;
		};
		039EB5042A25640A00F4DE83 /* Release */ = {
			isa = XCBuildConfiguration;
			buildSettings = {
				ALWAYS_SEARCH_USER_PATHS = NO;
				CLANG_ANALYZER_NONNULL = YES;
				CLANG_ANALYZER_NUMBER_OBJECT_CONVERSION = YES_AGGRESSIVE;
				CLANG_CXX_LANGUAGE_STANDARD = "gnu++20";
				CLANG_ENABLE_MODULES = YES;
				CLANG_ENABLE_OBJC_ARC = YES;
				CLANG_ENABLE_OBJC_WEAK = YES;
				CLANG_WARN_BLOCK_CAPTURE_AUTORELEASING = YES;
				CLANG_WARN_BOOL_CONVERSION = YES;
				CLANG_WARN_COMMA = YES;
				CLANG_WARN_CONSTANT_CONVERSION = YES;
				CLANG_WARN_DEPRECATED_OBJC_IMPLEMENTATIONS = YES;
				CLANG_WARN_DIRECT_OBJC_ISA_USAGE = YES_ERROR;
				CLANG_WARN_DOCUMENTATION_COMMENTS = YES;
				CLANG_WARN_EMPTY_BODY = YES;
				CLANG_WARN_ENUM_CONVERSION = YES;
				CLANG_WARN_INFINITE_RECURSION = YES;
				CLANG_WARN_INT_CONVERSION = YES;
				CLANG_WARN_NON_LITERAL_NULL_CONVERSION = YES;
				CLANG_WARN_OBJC_IMPLICIT_RETAIN_SELF = YES;
				CLANG_WARN_OBJC_LITERAL_CONVERSION = YES;
				CLANG_WARN_OBJC_ROOT_CLASS = YES_ERROR;
				CLANG_WARN_QUOTED_INCLUDE_IN_FRAMEWORK_HEADER = YES;
				CLANG_WARN_RANGE_LOOP_ANALYSIS = YES;
				CLANG_WARN_STRICT_PROTOTYPES = YES;
				CLANG_WARN_SUSPICIOUS_MOVE = YES;
				CLANG_WARN_UNGUARDED_AVAILABILITY = YES_AGGRESSIVE;
				CLANG_WARN_UNREACHABLE_CODE = YES;
				CLANG_WARN__DUPLICATE_METHOD_MATCH = YES;
				COPY_PHASE_STRIP = NO;
				DEBUG_INFORMATION_FORMAT = "dwarf-with-dsym";
				ENABLE_NS_ASSERTIONS = NO;
				ENABLE_STRICT_OBJC_MSGSEND = YES;
				GCC_C_LANGUAGE_STANDARD = gnu11;
				GCC_NO_COMMON_BLOCKS = YES;
				GCC_WARN_64_TO_32_BIT_CONVERSION = YES;
				GCC_WARN_ABOUT_RETURN_TYPE = YES_ERROR;
				GCC_WARN_UNDECLARED_SELECTOR = YES;
				GCC_WARN_UNINITIALIZED_AUTOS = YES_AGGRESSIVE;
				GCC_WARN_UNUSED_FUNCTION = YES;
				GCC_WARN_UNUSED_VARIABLE = YES;
				IPHONEOS_DEPLOYMENT_TARGET = 16.2;
				MTL_ENABLE_DEBUG_INFO = NO;
				MTL_FAST_MATH = YES;
				SDKROOT = iphoneos;
				SWIFT_COMPILATION_MODE = wholemodule;
				SWIFT_OPTIMIZATION_LEVEL = "-O";
				VALIDATE_PRODUCT = YES;
			};
			name = Release;
		};
		039EB5062A25640A00F4DE83 /* Debug */ = {
			isa = XCBuildConfiguration;
			buildSettings = {
				ASSETCATALOG_COMPILER_APPICON_NAME = AppIcon;
				ASSETCATALOG_COMPILER_GLOBAL_ACCENT_COLOR_NAME = AccentColor;
				CODE_SIGN_STYLE = Automatic;
				CURRENT_PROJECT_VERSION = 1;
				DEVELOPMENT_TEAM = U7NPVBX2GX;
				GENERATE_INFOPLIST_FILE = YES;
				INFOPLIST_FILE = FinalProjectBOTWQuiz/Info.plist;
				INFOPLIST_KEY_UIApplicationSupportsIndirectInputEvents = YES;
				INFOPLIST_KEY_UILaunchStoryboardName = LaunchScreen;
				INFOPLIST_KEY_UIMainStoryboardFile = Main;
				INFOPLIST_KEY_UISupportedInterfaceOrientations_iPad = "UIInterfaceOrientationPortrait UIInterfaceOrientationPortraitUpsideDown UIInterfaceOrientationLandscapeLeft UIInterfaceOrientationLandscapeRight";
				INFOPLIST_KEY_UISupportedInterfaceOrientations_iPhone = "UIInterfaceOrientationPortrait UIInterfaceOrientationLandscapeLeft UIInterfaceOrientationLandscapeRight";
				LD_RUNPATH_SEARCH_PATHS = (
					"$(inherited)",
					"@executable_path/Frameworks",
				);
				MARKETING_VERSION = 1.0;
				PRODUCT_BUNDLE_IDENTIFIER = iskowan.FinalProjectBOTWQuiz;
				PRODUCT_NAME = "$(TARGET_NAME)";
				SWIFT_EMIT_LOC_STRINGS = YES;
				SWIFT_VERSION = 5.0;
				TARGETED_DEVICE_FAMILY = "1,2";
			};
			name = Debug;
		};
		039EB5072A25640A00F4DE83 /* Release */ = {
			isa = XCBuildConfiguration;
			buildSettings = {
				ASSETCATALOG_COMPILER_APPICON_NAME = AppIcon;
				ASSETCATALOG_COMPILER_GLOBAL_ACCENT_COLOR_NAME = AccentColor;
				CODE_SIGN_STYLE = Automatic;
				CURRENT_PROJECT_VERSION = 1;
				DEVELOPMENT_TEAM = U7NPVBX2GX;
				GENERATE_INFOPLIST_FILE = YES;
				INFOPLIST_FILE = FinalProjectBOTWQuiz/Info.plist;
				INFOPLIST_KEY_UIApplicationSupportsIndirectInputEvents = YES;
				INFOPLIST_KEY_UILaunchStoryboardName = LaunchScreen;
				INFOPLIST_KEY_UIMainStoryboardFile = Main;
				INFOPLIST_KEY_UISupportedInterfaceOrientations_iPad = "UIInterfaceOrientationPortrait UIInterfaceOrientationPortraitUpsideDown UIInterfaceOrientationLandscapeLeft UIInterfaceOrientationLandscapeRight";
				INFOPLIST_KEY_UISupportedInterfaceOrientations_iPhone = "UIInterfaceOrientationPortrait UIInterfaceOrientationLandscapeLeft UIInterfaceOrientationLandscapeRight";
				LD_RUNPATH_SEARCH_PATHS = (
					"$(inherited)",
					"@executable_path/Frameworks",
				);
				MARKETING_VERSION = 1.0;
				PRODUCT_BUNDLE_IDENTIFIER = iskowan.FinalProjectBOTWQuiz;
				PRODUCT_NAME = "$(TARGET_NAME)";
				SWIFT_EMIT_LOC_STRINGS = YES;
				SWIFT_VERSION = 5.0;
				TARGETED_DEVICE_FAMILY = "1,2";
			};
			name = Release;
		};
/* End XCBuildConfiguration section */

/* Begin XCConfigurationList section */
		039EB4EC2A25640900F4DE83 /* Build configuration list for PBXProject "FinalProjectBOTWQuiz" */ = {
			isa = XCConfigurationList;
			buildConfigurations = (
				039EB5032A25640A00F4DE83 /* Debug */,
				039EB5042A25640A00F4DE83 /* Release */,
			);
			defaultConfigurationIsVisible = 0;
			defaultConfigurationName = Release;
		};
		039EB5052A25640A00F4DE83 /* Build configuration list for PBXNativeTarget "FinalProjectBOTWQuiz" */ = {
			isa = XCConfigurationList;
			buildConfigurations = (
				039EB5062A25640A00F4DE83 /* Debug */,
				039EB5072A25640A00F4DE83 /* Release */,
			);
			defaultConfigurationIsVisible = 0;
			defaultConfigurationName = Release;
		};
/* End XCConfigurationList section */
	};
	rootObject = 039EB4E92A25640900F4DE83 /* Project object */;
}
